{
    "_meta": {
        "hash": {
            "sha256": "badce560b3f63591472ebdda6d0109afeef40a4d92a762b76027bf479e3295cd"
        },
        "pipfile-spec": 6,
        "requires": {
            "python_version": "3.6"
        },
        "sources": [
            {
                "name": "pypi",
                "url": "https://pypi.org/simple",
                "verify_ssl": true
            }
        ]
    },
    "default": {
        "absl-py": {
            "hashes": [
                "sha256:673cccb88d810e5627d0c1c818158485d106f65a583880e2f730c997399bcfa7",
                "sha256:b3d9eb5119ff6e0a0125f6dabf2f9fae02f8acae7be70576002fac27235611c5"
            ],
            "version": "==0.11.0"
        },
        "astor": {
            "hashes": [
                "sha256:070a54e890cefb5b3739d19f30f5a5ec840ffc9c50ffa7d23cc9fc1a38ebbfc5",
                "sha256:6a6effda93f4e1ce9f618779b2dd1d9d84f1e32812c23a29b3fff6fd7f63fa5e"
            ],
            "markers": "python_version >= '2.7' and python_version not in '3.0, 3.1, 3.2, 3.3'",
            "version": "==0.8.1"
        },
        "certifi": {
            "hashes": [
                "sha256:1a4995114262bffbc2413b159f2a1a480c969de6e6eb13ee966d470af86af59c",
                "sha256:719a74fb9e33b9bd44cc7f3a8d94bc35e4049deebe19ba7d8e108280cfd59830"
            ],
            "version": "==2020.12.5"
        },
        "chardet": {
            "hashes": [
                "sha256:0d6f53a15db4120f2b08c94f11e7d93d2c911ee118b6b30a04ec3ee8310179fa",
                "sha256:f864054d66fd9118f2e67044ac8981a54775ec5b67aed0441892edb553d21da5"
            ],
            "markers": "python_version >= '2.7' and python_version not in '3.0, 3.1, 3.2, 3.3, 3.4'",
            "version": "==4.0.0"
        },
        "click": {
            "hashes": [
                "sha256:d2b5255c7c6349bc1bd1e59e08cd12acbbd63ce649f2588755783aa94dfb6b1a",
                "sha256:dacca89f4bfadd5de3d7489b7c8a566eee0d3676333fbb50030263894c38c0dc"
            ],
            "markers": "python_version >= '2.7' and python_version not in '3.0, 3.1, 3.2, 3.3, 3.4'",
            "version": "==7.1.2"
        },
        "flask": {
            "hashes": [
                "sha256:4efa1ae2d7c9865af48986de8aeb8504bf32c7f3d6fdc9353d34b21f4b127060",
                "sha256:8a4fdd8936eba2512e9c85df320a37e694c93945b33ef33c89946a340a238557"
            ],
            "index": "pypi",
            "version": "==1.1.2"
        },
        "gast": {
            "hashes": [
                "sha256:40feb7b8b8434785585ab224d1568b857edb18297e5a3047f1ba012bc83b42c1",
                "sha256:b7adcdd5adbebf1adf17378da5ba3f543684dbec47b1cda1f3997e573cd542c4"
            ],
            "markers": "python_version >= '2.7' and python_version not in '3.0, 3.1, 3.2, 3.3'",
            "version": "==0.4.0"
        },
        "grpcio": {
            "hashes": [
                "sha256:205eda06d8aeffc87a1e29ff1f090546adf0b6e766378cc4c13686534397fdb4",
                "sha256:20606ec7c265f81c5a0226f69842dc8dde66d921968ab9448e59d440cf98bebf",
                "sha256:25958bd7c6773e6de79781cc0d6f19d0c82332984dd07ef238889e93485d5afc",
                "sha256:2ea864ae3d3abc99d3988d1d27dee3f6350b60149ccf810a89cd9a9d02a675d6",
                "sha256:2f54046ca2a81ff45ec8f6d3d7447ad562adb067c3640c35354e440fd771b625",
                "sha256:2fd4a80f267aa258f5a74df5fe243eff80299a4f5b356c1da53f6f5793bbbf4b",
                "sha256:32ad56f6d3d7e699f9a0d62719f2de9092e79f444d875d70f58cf7f8bb19684c",
                "sha256:32fbc78d558d9468a4b16f79f4130daec8e431bc7a3b1775b0e98f09a7ab45a2",
                "sha256:43fafebcc2e81d012f7147a0ddf9be69864c40fc4edd9844937eba0020508297",
                "sha256:49da07ae43c552280b8b4c70617f9b589588404c2545d6eba2c55179b3d836af",
                "sha256:4a2c85cd4a67c36fe12535fe32eb336635843d1eb31d3fa301444e60a8df9c90",
                "sha256:50c4f10e7deff96d197bc6d1988c2a5a0bc6252bbd31d7fb374ce8923f937e7a",
                "sha256:57a30f9df0f5342e4dad384e7023b9f88742c325838da977828c37f49eb8940a",
                "sha256:5b105adb44486fb594b8d8142b5d4fbe50cb125c77ac7d270f5d0277ce5c554a",
                "sha256:5d8108b240fd5b8a0483f95ab2651fe2d633311faae93a12938ea06cf61a5efd",
                "sha256:5e8e6035d4f9ab856ab437e381e652b31dfd42443d2243d45bdf4b90adaf3559",
                "sha256:69127393fc3513da228bc3908914df2284923e0eacf8d73f21ad387317450317",
                "sha256:6fafdba42c26bbdf78948c09a93a8b3a8a509c66c6b4324bc1fb360bf4e82b9d",
                "sha256:72b6a89aabf937d706946230f5aa13bdf7d2a42874810fa54436c647577b543e",
                "sha256:843436e69c37eb45b0285fa42f7acc06d147f2e9c1d515b0f901e94d40107e79",
                "sha256:8d92e884f6d67b9a2a4514631d3c9836281044caedb5fd34d4ce2bbec138c87d",
                "sha256:923a3b18badc3749c4d715216934f62f46a818790e325ece6184d07e7d6c7f73",
                "sha256:924d5e8b18942ebea1260e60be7e2bde2a3587ea386190b442790f84180bf372",
                "sha256:9550b7c9d2f11579b484accc6183e02ebe33ce80a0ff15f5c28895df6b3d3108",
                "sha256:9579f22222ac89ceee64c1101cced6434d9f6b12078b43ece0f9d8ebdb657f73",
                "sha256:95de4ad9ae39590668e3330d414253f672aedd46cc107d7f71b4a2268f3d6066",
                "sha256:98b0b6e44c451093354a38b620e6e0df958b0710abd6a0ddd84da84424bce003",
                "sha256:a1024006fe61ee7e43e7099faf08f4508ea0c944a1558e8d715a5b4556937ace",
                "sha256:a403ed4d8fcc441a2c2ec9ede838b0ae5f9da996d950cf2ff9f82242b496e0a7",
                "sha256:bbd3522f821fb5d01049db214fb9f949a8b2d92761c2780a20ff73818efd5360",
                "sha256:bd7634f8c49c8467fec5fd9e0d1abb205b0aa61670ff0113ef835ca6548aad3d",
                "sha256:bda0f52eb1279a7119526df2ef33ea2808691120daf9effaf60ca0c07f76058a",
                "sha256:beef6be49ada569edf3b73fd4eb57d6c2af7e10c0c82a210dbe51de7c4a1ed53",
                "sha256:c88ce184973fe2035ffa176eb08cd492db090505e6b1ddc68b5cc1e0b01a07a0",
                "sha256:c89b6a3eca8eae10eea78896ccfdc9d04aa2f7b2ee96de20246e5c96494c68f5",
                "sha256:d16f7f5a10bf24640fa639974d409c220e587b3e2fa2620af00d43ba36dafc2c",
                "sha256:dc45f5750ce50f34f20a0607efae5c797d01681a44465b8287bebef1e9847d5b",
                "sha256:dea35dcf09aee91552cb4b3e250efdbcb79564b5b5517246bcbead8d5871e291",
                "sha256:dfa098a6ff8d1b68ed7bd655150ee91f57c29042c093ff51113176aded3f0071",
                "sha256:e238a554f29d90b0e7fca15e8119b9a7c5f88faacbf9b982751ad54d639b57f8",
                "sha256:e2ffa46db9103706640c74886ac23ed18d1487a8523cc128da239e1d5a4e3301",
                "sha256:e69ac6fc9096bbb43f5276655661db746233cd320808e0d302198eb43dc7bd04",
                "sha256:e95bda60c584b3deb5c37babb44d4300cf4bf3a6c43198a244ddcaddca3fde3a",
                "sha256:f2e4d64675351a058f9cb35fe390ca0956bd2926171bfb7c87596a1ee10ff6ba",
                "sha256:f98f746cacbaa681de0bcd90d7aa77b440e3e1327a9988f6a2b580d54e27d4c3",
                "sha256:fa834f4c70b9df83d5af610097747c224513d59af1f03e8c06bca9a7d81fd1a3"
            ],
            "version": "==1.34.0"
        },
        "h5py": {
            "hashes": [
                "sha256:063947eaed5f271679ed4ffa36bb96f57bc14f44dd4336a827d9a02702e6ce6b",
                "sha256:13c87efa24768a5e24e360a40e0bc4c49bcb7ce1bb13a3a7f9902cec302ccd36",
                "sha256:16ead3c57141101e3296ebeed79c9c143c32bdd0e82a61a2fc67e8e6d493e9d1",
                "sha256:3dad1730b6470fad853ef56d755d06bb916ee68a3d8272b3bab0c1ddf83bb99e",
                "sha256:51ae56894c6c93159086ffa2c94b5b3388c0400548ab26555c143e7cfa05b8e5",
                "sha256:54817b696e87eb9e403e42643305f142cd8b940fe9b3b490bbf98c3b8a894cf4",
                "sha256:549ad124df27c056b2e255ea1c44d30fb7a17d17676d03096ad5cd85edb32dc1",
                "sha256:64f74da4a1dd0d2042e7d04cf8294e04ddad686f8eba9bb79e517ae582f6668d",
                "sha256:6998be619c695910cb0effe5eb15d3a511d3d1a5d217d4bd0bebad1151ec2262",
                "sha256:6ef7ab1089e3ef53ca099038f3c0a94d03e3560e6aff0e9d6c64c55fb13fc681",
                "sha256:769e141512b54dee14ec76ed354fcacfc7d97fea5a7646b709f7400cf1838630",
                "sha256:79b23f47c6524d61f899254f5cd5e486e19868f1823298bc0c29d345c2447172",
                "sha256:7be5754a159236e95bd196419485343e2b5875e806fe68919e087b6351f40a70",
                "sha256:84412798925dc870ffd7107f045d7659e60f5d46d1c70c700375248bf6bf512d",
                "sha256:86868dc07b9cc8cb7627372a2e6636cdc7a53b7e2854ad020c9e9d8a4d3fd0f5",
                "sha256:8bb1d2de101f39743f91512a9750fb6c351c032e5cd3204b4487383e34da7f75",
                "sha256:a5f82cd4938ff8761d9760af3274acf55afc3c91c649c50ab18fcff5510a14a5",
                "sha256:aac4b57097ac29089f179bbc2a6e14102dd210618e94d77ee4831c65f82f17c0",
                "sha256:bffbc48331b4a801d2f4b7dac8a72609f0b10e6e516e5c480a3e3241e091c878",
                "sha256:c0d4b04bbf96c47b6d360cd06939e72def512b20a18a8547fa4af810258355d5",
                "sha256:c54a2c0dd4957776ace7f95879d81582298c5daf89e77fb8bee7378f132951de",
                "sha256:cbf28ae4b5af0f05aa6e7551cee304f1d317dbed1eb7ac1d827cee2f1ef97a99",
                "sha256:d35f7a3a6cefec82bfdad2785e78359a0e6a5fbb3f605dd5623ce88082ccd681",
                "sha256:d3c59549f90a891691991c17f8e58c8544060fdf3ccdea267100fa5f561ff62f",
                "sha256:d7ae7a0576b06cb8e8a1c265a8bc4b73d05fdee6429bffc9a26a6eb531e79d72",
                "sha256:ecf4d0b56ee394a0984de15bceeb97cbe1fe485f1ac205121293fc44dcf3f31f",
                "sha256:f0e25bb91e7a02efccb50aba6591d3fe2c725479e34769802fcdd4076abfa917",
                "sha256:f23951a53d18398ef1344c186fb04b26163ca6ce449ebd23404b153fd111ded9",
                "sha256:ff7d241f866b718e4584fa95f520cb19405220c501bd3a53ee11871ba5166ea2"
            ],
            "index": "pypi",
            "version": "==2.10.0"
        },
        "idna": {
            "hashes": [
                "sha256:b307872f855b18632ce0c21c5e45be78c0ea7ae4c15c828c20788b26921eb3f6",
                "sha256:b97d804b1e9b523befed77c48dacec60e6dcb0b5391d57af6a65a312a90648c0"
            ],
            "markers": "python_version >= '2.7' and python_version not in '3.0, 3.1, 3.2, 3.3'",
            "version": "==2.10"
        },
        "importlib-metadata": {
            "hashes": [
                "sha256:5c5a2720817414a6c41f0a49993908068243ae02c1635a228126519b509c8aed",
                "sha256:bf792d480abbd5eda85794e4afb09dd538393f7d6e6ffef6e9f03d2014cf9450"
            ],
            "markers": "python_version < '3.8'",
            "version": "==3.3.0"
        },
        "itsdangerous": {
            "hashes": [
                "sha256:321b033d07f2a4136d3ec762eac9f16a10ccd60f53c0c91af90217ace7ba1f19",
                "sha256:b12271b2047cb23eeb98c8b5622e2e5c5e9abd9784a153e9d8ef9cb4dd09d749"
            ],
            "markers": "python_version >= '2.7' and python_version not in '3.0, 3.1, 3.2, 3.3'",
            "version": "==1.1.0"
        },
        "jinja2": {
            "hashes": [
                "sha256:89aab215427ef59c34ad58735269eb58b1a5808103067f7bb9d5836c651b3bb0",
                "sha256:f0a4641d3cf955324a89c04f3d94663aa4d638abe8f733ecd3582848e1c37035"
            ],
            "markers": "python_version >= '2.7' and python_version not in '3.0, 3.1, 3.2, 3.3, 3.4'",
            "version": "==2.11.2"
        },
        "keras": {
            "hashes": [
                "sha256:253cce021d73fa6d6e69e740bd985d6e2419dcb9fca96b2c8dbdd1736e3ec68d",
                "sha256:468d98da104ec5c3dbb10c2ef6bb345ab154f6ca2d722d4c250ef4d6105de17a"
            ],
            "index": "pypi",
            "version": "==2.2.2"
        },
        "keras-applications": {
            "hashes": [
                "sha256:0ee155e0e07b8a614c92a72bba081264b69ecd91d74c742488054dc89e24b05e",
                "sha256:8c95300328630ae74fb0828b6fa38269a25c0228a02f1e5181753bfd48961f49"
            ],
            "version": "==1.0.4"
        },
        "keras-preprocessing": {
            "hashes": [
                "sha256:f44ab7bac195ae77ace2ce082413de2d6794e89d09a71a822a6bafd2aa32276b",
                "sha256:f5306554d2b454d825b36f35e327744f5477bd2ae21017f1a93b2097bed6757e"
            ],
            "version": "==1.0.2"
        },
        "markdown": {
            "hashes": [
                "sha256:5d9f2b5ca24bc4c7a390d22323ca4bad200368612b5aaa7796babf971d2b2f18",
                "sha256:c109c15b7dc20a9ac454c9e6025927d44460b85bd039da028d85e2b6d0bcc328"
            ],
            "markers": "python_version >= '3.6'",
            "version": "==3.3.3"
        },
        "markupsafe": {
            "hashes": [
                "sha256:00bc623926325b26bb9605ae9eae8a215691f33cae5df11ca5424f06f2d1f473",
                "sha256:09027a7803a62ca78792ad89403b1b7a73a01c8cb65909cd876f7fcebd79b161",
                "sha256:09c4b7f37d6c648cb13f9230d847adf22f8171b1ccc4d5682398e77f40309235",
                "sha256:1027c282dad077d0bae18be6794e6b6b8c91d58ed8a8d89a89d59693b9131db5",
                "sha256:13d3144e1e340870b25e7b10b98d779608c02016d5184cfb9927a9f10c689f42",
                "sha256:24982cc2533820871eba85ba648cd53d8623687ff11cbb805be4ff7b4c971aff",
                "sha256:29872e92839765e546828bb7754a68c418d927cd064fd4708fab9fe9c8bb116b",
                "sha256:43a55c2930bbc139570ac2452adf3d70cdbb3cfe5912c71cdce1c2c6bbd9c5d1",
                "sha256:46c99d2de99945ec5cb54f23c8cd5689f6d7177305ebff350a58ce5f8de1669e",
                "sha256:500d4957e52ddc3351cabf489e79c91c17f6e0899158447047588650b5e69183",
                "sha256:535f6fc4d397c1563d08b88e485c3496cf5784e927af890fb3c3aac7f933ec66",
                "sha256:596510de112c685489095da617b5bcbbac7dd6384aeebeda4df6025d0256a81b",
                "sha256:62fe6c95e3ec8a7fad637b7f3d372c15ec1caa01ab47926cfdf7a75b40e0eac1",
                "sha256:6788b695d50a51edb699cb55e35487e430fa21f1ed838122d722e0ff0ac5ba15",
                "sha256:6dd73240d2af64df90aa7c4e7481e23825ea70af4b4922f8ede5b9e35f78a3b1",
                "sha256:717ba8fe3ae9cc0006d7c451f0bb265ee07739daf76355d06366154ee68d221e",
                "sha256:79855e1c5b8da654cf486b830bd42c06e8780cea587384cf6545b7d9ac013a0b",
                "sha256:7c1699dfe0cf8ff607dbdcc1e9b9af1755371f92a68f706051cc8c37d447c905",
                "sha256:88e5fcfb52ee7b911e8bb6d6aa2fd21fbecc674eadd44118a9cc3863f938e735",
                "sha256:8defac2f2ccd6805ebf65f5eeb132adcf2ab57aa11fdf4c0dd5169a004710e7d",
                "sha256:98c7086708b163d425c67c7a91bad6e466bb99d797aa64f965e9d25c12111a5e",
                "sha256:9add70b36c5666a2ed02b43b335fe19002ee5235efd4b8a89bfcf9005bebac0d",
                "sha256:9bf40443012702a1d2070043cb6291650a0841ece432556f784f004937f0f32c",
                "sha256:ade5e387d2ad0d7ebf59146cc00c8044acbd863725f887353a10df825fc8ae21",
                "sha256:b00c1de48212e4cc9603895652c5c410df699856a2853135b3967591e4beebc2",
                "sha256:b1282f8c00509d99fef04d8ba936b156d419be841854fe901d8ae224c59f0be5",
                "sha256:b2051432115498d3562c084a49bba65d97cf251f5a331c64a12ee7e04dacc51b",
                "sha256:ba59edeaa2fc6114428f1637ffff42da1e311e29382d81b339c1817d37ec93c6",
                "sha256:c8716a48d94b06bb3b2524c2b77e055fb313aeb4ea620c8dd03a105574ba704f",
                "sha256:cd5df75523866410809ca100dc9681e301e3c27567cf498077e8551b6d20e42f",
                "sha256:cdb132fc825c38e1aeec2c8aa9338310d29d337bebbd7baa06889d09a60a1fa2",
                "sha256:e249096428b3ae81b08327a63a485ad0878de3fb939049038579ac0ef61e17e7",
                "sha256:e8313f01ba26fbbe36c7be1966a7b7424942f670f38e666995b88d012765b9be"
            ],
            "markers": "python_version >= '2.7' and python_version not in '3.0, 3.1, 3.2, 3.3'",
            "version": "==1.1.1"
        },
        "numpy": {
            "hashes": [
                "sha256:07379fe0b450f6fd6e5934a9bc015025bb4ce1c8fbed3ca8bef29328b1bc9570",
                "sha256:085afac75bbc97a096744fcfc97a4b321c5a87220286811e85089ae04885acdd",
                "sha256:2d6481c6bdab1c75affc0fc71eb1bd4b3ecef620d06f2f60c3f00521d54be04f",
                "sha256:2df854df882d322d5c23087a4959e145b953dfff2abe1774fec4f639ac2f3160",
                "sha256:381ad13c30cd1d0b2f3da8a0c1a4aa697487e8bb0e9e0cbeb7439776bcb645f8",
                "sha256:385f1ce46e08676505b692bfde918c1e0b350963a15ef52d77691c2cf0f5dbf6",
                "sha256:4130e5ae16c656b7de654dc5e595cfeb85d3a4b0bb0734d19c0dce6dc7ee0e07",
                "sha256:4d278c2261be6423c5e63d8f0ceb1b0c6db3ff83f2906f4b860db6ae99ca1bb5",
                "sha256:51c5dcb51cf88b34b7d04c15f600b07c6ccbb73a089a38af2ab83c02862318da",
                "sha256:589336ba5199c8061239cf446ee2f2f1fcc0c68e8531ee1382b6fc0c66b2d388",
                "sha256:5ae3564cb630e155a650f4f9c054589848e97836bebae5637240a0d8099f817b",
                "sha256:5edf1acc827ed139086af95ce4449b7b664f57a8c29eb755411a634be280d9f2",
                "sha256:6b82b81c6b3b70ed40bc6d0b71222ebfcd6b6c04a6e7945a936e514b9113d5a3",
                "sha256:6c57f973218b776195d0356e556ec932698f3a563e2f640cfca7020086383f50",
                "sha256:758d1091a501fd2d75034e55e7e98bfd1370dc089160845c242db1c760d944d9",
                "sha256:8622db292b766719810e0cb0f62ef6141e15fe32b04e4eb2959888319e59336b",
                "sha256:8b8dcfcd630f1981f0f1e3846fae883376762a0c1b472baa35b145b911683b7b",
                "sha256:91fdd510743ae4df862dbd51a4354519dd9fb8941347526cd9c2194b792b3da9",
                "sha256:97fa8f1dceffab782069b291e38c4c2227f255cdac5f1e3346666931df87373e",
                "sha256:9b705f18b26fb551366ab6347ba9941b62272bf71c6bbcadcd8af94d10535241",
                "sha256:9d69967673ab7b028c2df09cae05ba56bf4e39e3cb04ebe452b6035c3b49848e",
                "sha256:9e1f53afae865cc32459ad211493cf9e2a3651a7295b7a38654ef3d123808996",
                "sha256:a4a433b3a264dbc9aa9c7c241e87c0358a503ea6394f8737df1683c7c9a102ac",
                "sha256:baadc5f770917ada556afb7651a68176559f4dca5f4b2d0947cd15b9fb84fb51",
                "sha256:c725d11990a9243e6ceffe0ab25a07c46c1cc2c5dc55e305717b5afe856c9608",
                "sha256:d696a8c87315a83983fc59dd27efe034292b9e8ad667aeae51a68b4be14690d9",
                "sha256:e1864a4e9f93ddb2dc6b62ccc2ec1f8250ff4ac0d3d7a15c8985dd4e1fbd6418",
                "sha256:e1d18421a7e2ad4a655b76e65d549d4159f8874c18a417464c1d439ee7ccc7cd"
            ],
            "index": "pypi",
            "version": "==1.14.5"
        },
        "protobuf": {
            "hashes": [
                "sha256:0e247612fadda953047f53301a7b0407cb0c3cb4ae25a6fde661597a04039b3c",
                "sha256:0fc96785262042e4863b3f3b5c429d4636f10d90061e1840fce1baaf59b1a836",
                "sha256:1c51fda1bbc9634246e7be6016d860be01747354ed7015ebe38acf4452f470d2",
                "sha256:1d63eb389347293d8915fb47bee0951c7b5dab522a4a60118b9a18f33e21f8ce",
                "sha256:22bcd2e284b3b1d969c12e84dc9b9a71701ec82d8ce975fdda19712e1cfd4e00",
                "sha256:2a7e2fe101a7ace75e9327b9c946d247749e564a267b0515cf41dfe450b69bac",
                "sha256:43b554b9e73a07ba84ed6cf25db0ff88b1e06be610b37656e292e3cbb5437472",
                "sha256:4b74301b30513b1a7494d3055d95c714b560fbb630d8fb9956b6f27992c9f980",
                "sha256:4e75105c9dfe13719b7293f75bd53033108f4ba03d44e71db0ec2a0e8401eafd",
                "sha256:5b7a637212cc9b2bcf85dd828b1178d19efdf74dbfe1ddf8cd1b8e01fdaaa7f5",
                "sha256:5e9806a43232a1fa0c9cf5da8dc06f6910d53e4390be1fa06f06454d888a9142",
                "sha256:629b03fd3caae7f815b0c66b41273f6b1900a579e2ccb41ef4493a4f5fb84f3a",
                "sha256:72230ed56f026dd664c21d73c5db73ebba50d924d7ba6b7c0d81a121e390406e",
                "sha256:86a75477addde4918e9a1904e5c6af8d7b691f2a3f65587d73b16100fbe4c3b2",
                "sha256:8971c421dbd7aad930c9bd2694122f332350b6ccb5202a8b7b06f3f1a5c41ed5",
                "sha256:9616f0b65a30851e62f1713336c931fcd32c057202b7ff2cfbfca0fc7d5e3043",
                "sha256:b0d5d35faeb07e22a1ddf8dce620860c8fe145426c02d1a0ae2688c6e8ede36d",
                "sha256:ecc33531a213eee22ad60e0e2aaea6c8ba0021f0cce35dbf0ab03dee6e2a23a1"
            ],
            "version": "==3.14.0"
        },
        "pymongo": {
            "hashes": [
                "sha256:019ddf7ced8e42cc6c8c608927c799be8097237596c94ffe551f6ef70e55237e",
                "sha256:047c325c4a96e7be7d11acf58639bcf71a81ca212d9c6590e3369bc28678647a",
                "sha256:047cc2007b280672ddfdf2e7b862aad8d898f481f65bbc9067bfa4e420a019a9",
                "sha256:061d59f525831c4051af0b6dbafa62b0b8b168d4ef5b6e3c46d0811b8499d100",
                "sha256:082832a59da18efab4d9148cca396451bac99da9757f31767f706e828b5b8500",
                "sha256:0a53a751d977ad02f1bd22ddb6288bb4816c4758f44a50225462aeeae9cbf6a0",
                "sha256:1222025db539641071a1b67f6950f65a6342a39db5b454bf306abd6954f1ad8a",
                "sha256:1580fad512c678b720784e5c9018621b1b3bd37fb5b1633e874738862d6435c7",
                "sha256:202ea1d4edc8a5439fc179802d807b49e7e563207fea5610779e56674ac770c6",
                "sha256:21d7b48567a1c80f9266e0ab61c1218a31279d911da345679188733e354f81cc",
                "sha256:264843ce2af0640994a4331148ef5312989bc004678c457460758766c9b4decc",
                "sha256:270a1f6a331eac3a393090af06df68297cb31a8b2df0bdcbd97dc613c5758e78",
                "sha256:29a6840c2ac778010547cad5870f3db2e080ad7fad01197b07fff993c08692c8",
                "sha256:3646c2286d889618d43e01d9810ac1fc17709d2b4dec61366df5edc8ba228b3e",
                "sha256:36b9b98a39565a8f33803c81569442b35e749a72fb1aa7d0bcdb1a33052f8bcc",
                "sha256:3ec8f8e106a1476659d8c020228b45614daabdbdb6c6454a843a1d4f77d13339",
                "sha256:422069f2cebf58c9dd9e8040b4768f7be4f228c95bc4505e8fa8e7b4f7191ad8",
                "sha256:44376a657717de8847d5d71a9305f3595c7e78c91ac77edbb87058d12ede87a6",
                "sha256:45728e6aae3023afb5b2829586d1d2bfd9f0d71cfd7d3c924b71a5e9aef617a8",
                "sha256:46792b71ab802d9caf1fc9d52e83399ef8e1a36e91eef4d827c06e36b8df2230",
                "sha256:4942a5659ae927bb764a123a6409870ca5dd572d83b3bfb71412c9a191bbf792",
                "sha256:4be4fe9d18523da98deeb0b554ac76e1dc1562ee879d62572b34dda8593efcc1",
                "sha256:523804bd8fcb5255508052b50073a27c701b90a73ea46e29be46dad5fe01bde6",
                "sha256:540dafd6f4a0590fc966465c726b80fa7c0804490c39786ef29236fe68c94401",
                "sha256:5980509801cbd2942df31714d055d89863684b4de26829c349362e610a48694e",
                "sha256:5ad7b96c27acd7e256b33f47cf3d23bd7dd902f9c033ae43f32ffcbc37bebafd",
                "sha256:6122470dfa61d4909b75c98012c1577404ba4ab860d0095e0c6980560cb3711f",
                "sha256:6175fd105da74a09adb38f93be96e1f64873294c906e5e722cbbc5bd10c44e3b",
                "sha256:646d4d30c5aa7c0ddbfe9b990f0f77a88621024a21ad0b792bd9d58caa9611f0",
                "sha256:6700e251c6396cc05d7460dc05ef8e19e60a7b53b62c007725b48e123aaa2b1c",
                "sha256:6aac7e0e8de92f11a410eb68c24a2decbac6f094e82fd95d22546d0168e7a18b",
                "sha256:6e7a6057481a644970e43475292e1c0af095ca39a20fe83781196bd6e6690a38",
                "sha256:76579fcf77052b39796fe4a11818d1289dd48cffe15951b3403288fa163c29f6",
                "sha256:7e69fa025a1db189443428f345fea5555d16413df6addc056e17bb8c9794b006",
                "sha256:7f0c507e1f108790840d6c4b594019ebf595025c324c9f7e9c9b2b15b41f884e",
                "sha256:813db97e9955b6b1b50b5cebd18cb148580603bb9b067ea4c5cc656b333bc906",
                "sha256:82d5ded5834b6c92380847860eb28dcaf20b847a27cee5811c4aaceef87fd280",
                "sha256:82f6e42ba40440a7e0a20bfe12465a3b62d65966a4c7ad1a21b36ffff88de6fe",
                "sha256:8d669c720891781e7c82d412cad39f9730ef277e3957b48a3344dae47d3caa03",
                "sha256:944ed467feb949e103555863fa934fb84216a096b0004ca364d3ddf9d18e2b9e",
                "sha256:96c6aef7ffb0d37206c0342abb82d874fa8cdc344267277ec63f562b94335c22",
                "sha256:9be785bd4e1ba0148fb00ca84e4dbfbd1c74df3af3a648559adc60b0782f34de",
                "sha256:9d19843568df9d263dc92ae4cc2279879add8a26996473f9155590cac635b321",
                "sha256:a118a1df7280ffab7fe0f3eab325868339ff1c4d5b8e0750db0f0a796da8f849",
                "sha256:b4294ddf76452459433ecfa6a93258608b5e462c76ef15e4695ed5e2762f009f",
                "sha256:b50af6701b4a5288b77fb4db44a363aa9485caf2c3e7a40c0373fd45e34440af",
                "sha256:b875bb4b438931dce550e170bfb558597189b8d0160f4ac60f14a21955161699",
                "sha256:b95d2c2829b5956bf54d9a22ffec911dea75abf0f0f7e0a8a57423434bfbde91",
                "sha256:c046e09e886f4539f8626afba17fa8f2e6552731f9384e2827154e3e3b7fda4e",
                "sha256:c1d1992bbdf363b22b5a9543ab7d7c6f27a1498826d50d91319b803ddcf1142e",
                "sha256:c2b67881392a9e85aa108e75f62cdbe372d5a3f17ea5f8d3436dcf4662052f14",
                "sha256:c6cf288c9e03195d8e12b72a6388b32f18a5e9c2545622417a963e428e1fe496",
                "sha256:c812b6e53344e92f10f12235219fb769c491a4a87a02c9c3f93fe632e493bda8",
                "sha256:cc421babc687dc52ce0fc19787b2404518ca749d9db59576100946ff886f38ed",
                "sha256:ce53c00be204ec4428d3c1f3c478ae89d388efec575544c27f57b61e9fa4a7f2",
                "sha256:ce9964c117cbe5cf6269f30a2b334d28675956e988b7dbd0b4f7370924afda2e",
                "sha256:d6f82e86896a8db70e8ae8fa4b7556a0f188f1d8a6c53b2ba229889d55a59308",
                "sha256:d9d3ae537f61011191b2fd6f8527b9f9f8a848b37d4c85a0f7bb28004c42b546",
                "sha256:e565d1e4388765c135052717f15f9e0314f9d172062444c6b3fc0002e93ed04b",
                "sha256:ed98683d8f01f1c46ef2d02469e04e9a8fe9a73a9741a4e6e66677a73b59bec8",
                "sha256:ef18aa15b1aa18c42933deed5233b3284186e9ed85c25d2704ceff5099a3964c",
                "sha256:fa741e9c805567239f845c7e9a016aff797f9bb02ff9bc8ccd2fbd9eafefedd4",
                "sha256:fc4946acb6cdada08f60aca103b61334995523da65be5fe816ea8571c9967d46",
                "sha256:fcc66d17a3363b7bd6d2655de8706e25a3cd1be2bd1b8e8d8a5c504a6ef893ae"
            ],
            "index": "pypi",
            "version": "==3.11.2"
        },
        "python-chess": {
            "hashes": [
                "sha256:e462602c2f7b772858b3d83b63e91eec288173b35d0db12feb13a1f3be5235b4"
            ],
            "index": "pypi",
            "version": "==0.23.10"
        },
        "pyyaml": {
            "hashes": [
                "sha256:06a0d7ba600ce0b2d2fe2e78453a470b5a6e000a985dd4a4e54e436cc36b0e97",
                "sha256:240097ff019d7c70a4922b6869d8a86407758333f02203e0fc6ff79c5dcede76",
                "sha256:4f4b913ca1a7319b33cfb1369e91e50354d6f07a135f3b901aca02aa95940bd2",
                "sha256:6034f55dab5fea9e53f436aa68fa3ace2634918e8b5994d82f3621c04ff5ed2e",
                "sha256:69f00dca373f240f842b2931fb2c7e14ddbacd1397d57157a9b005a6a9942648",
                "sha256:73f099454b799e05e5ab51423c7bcf361c58d3206fa7b0d555426b1f4d9a3eaf",
                "sha256:74809a57b329d6cc0fdccee6318f44b9b8649961fa73144a98735b0aaf029f1f",
                "sha256:7739fc0fa8205b3ee8808aea45e968bc90082c10aef6ea95e855e10abf4a37b2",
                "sha256:95f71d2af0ff4227885f7a6605c37fd53d3a106fcab511b8860ecca9fcf400ee",
                "sha256:ad9c67312c84def58f3c04504727ca879cb0013b2517c85a9a253f0cb6380c0a",
                "sha256:b8eac752c5e14d3eca0e6dd9199cd627518cb5ec06add0de9d32baeee6fe645d",
                "sha256:cc8955cfbfc7a115fa81d85284ee61147059a753344bc51098f3ccd69b0d7e0c",
                "sha256:d13155f591e6fcc1ec3b30685d50bf0711574e2c0dfffd7644babf8b5102ca1a"
            ],
            "version": "==5.3.1"
        },
        "requests": {
            "hashes": [
                "sha256:27973dd4a904a4f13b263a19c866c13b92a39ed1c964655f025f3f8d3d75b804",
                "sha256:c210084e36a42ae6b9219e00e48287def368a26d03a048ddad7bfee44f75871e"
            ],
            "index": "pypi",
            "version": "==2.25.1"
        },
        "scipy": {
            "hashes": [
                "sha256:168c45c0c32e23f613db7c9e4e780bc61982d71dcd406ead746c7c7c2f2004ce",
                "sha256:213bc59191da2f479984ad4ec39406bf949a99aba70e9237b916ce7547b6ef42",
                "sha256:25b241034215247481f53355e05f9e25462682b13bd9191359075682adcd9554",
                "sha256:2c872de0c69ed20fb1a9b9cf6f77298b04a26f0b8720a5457be08be254366c6e",
                "sha256:3397c129b479846d7eaa18f999369a24322d008fac0782e7828fa567358c36ce",
                "sha256:368c0f69f93186309e1b4beb8e26d51dd6f5010b79264c0f1e9ca00cd92ea8c9",
                "sha256:3d5db5d815370c28d938cf9b0809dade4acf7aba57eaf7ef733bfedc9b2474c4",
                "sha256:4598cf03136067000855d6b44d7a1f4f46994164bcd450fb2c3d481afc25dd06",
                "sha256:4a453d5e5689de62e5d38edf40af3f17560bfd63c9c5bd228c18c1f99afa155b",
                "sha256:4f12d13ffbc16e988fa40809cbbd7a8b45bc05ff6ea0ba8e3e41f6f4db3a9e47",
                "sha256:634568a3018bc16a83cda28d4f7aed0d803dd5618facb36e977e53b2df868443",
                "sha256:65923bc3809524e46fb7eb4d6346552cbb6a1ffc41be748535aa502a2e3d3389",
                "sha256:6b0ceb23560f46dd236a8ad4378fc40bad1783e997604ba845e131d6c680963e",
                "sha256:8c8d6ca19c8497344b810b0b0344f8375af5f6bb9c98bd42e33f747417ab3f57",
                "sha256:9ad4fcddcbf5dc67619379782e6aeef41218a79e17979aaed01ed099876c0e62",
                "sha256:a254b98dbcc744c723a838c03b74a8a34c0558c9ac5c86d5561703362231107d",
                "sha256:b03c4338d6d3d299e8ca494194c0ae4f611548da59e3c038813f1a43976cb437",
                "sha256:cc1f78ebc982cd0602c9a7615d878396bec94908db67d4ecddca864d049112f2",
                "sha256:d6d25c41a009e3c6b7e757338948d0076ee1dd1770d1c09ec131f11946883c54",
                "sha256:d84cadd7d7998433334c99fa55bcba0d8b4aeff0edb123b2a1dfcface538e474",
                "sha256:e360cb2299028d0b0d0f65a5c5e51fc16a335f1603aa2357c25766c8dab56938",
                "sha256:e98d49a5717369d8241d6cf33ecb0ca72deee392414118198a8e5b4c35c56340",
                "sha256:ed572470af2438b526ea574ff8f05e7f39b44ac37f712105e57fc4d53a6fb660",
                "sha256:f87b39f4d69cf7d7529d7b1098cb712033b17ea7714aed831b95628f483fd012",
                "sha256:fa789583fc94a7689b45834453fec095245c7e69c58561dc159b5d5277057e4c"
            ],
            "markers": "python_version >= '3.6'",
            "version": "==1.5.4"
        },
        "six": {
            "hashes": [
                "sha256:30639c035cdb23534cd4aa2dd52c3bf48f06e5f4a941509c8bafd8ce11080259",
                "sha256:8b74bedcbbbaca38ff6d7491d76f2b06b3592611af620f8426e82dddb04a5ced"
            ],
            "markers": "python_version >= '2.7' and python_version not in '3.0, 3.1, 3.2, 3.3'",
            "version": "==1.15.0"
        },
        "tensorboard": {
            "hashes": [
                "sha256:64edbe66864e02719f85708ae01efe3448af964c042a502fd2046cc87a3b1f12",
                "sha256:e4ea6ac2e47bf715b915f08a186e6205fa097318bd73f0b265d437b1d7834484"
            ],
            "markers": "python_version >= '2.7' and python_version not in '3.0, 3.1, 3.2, 3.3'",
            "version": "==1.10.0"
        },
        "tensorflow": {
            "hashes": [
                "sha256:002ed1550e2fdd82df5939c53737ed8871d21462c354604917dd9f12f44c65ed",
                "sha256:316bcfda289c40f6ff9ff16ed747744d0b113b577e98e99c839a4da835011dbf",
                "sha256:34dfc6b017edffc8dfef1b57146edf45a39160dd6f2819449d05251df0181f36",
                "sha256:3cdebd17ef32ce867ab05b5b9da1b6dea8d54c3d050a03d26373d94ae09d010c",
                "sha256:4e629651f1570771e525de0208a8b1df8209ca550ce82cf56539b106bceccab3",
                "sha256:8f9596d3f8cf8eba1f595286d8c43d690add1060eda791f3f337599967700dc2",
                "sha256:9483e7e4815960797e67e89c0ce968b1f6115ed4cd49961119d943c71da260ac",
                "sha256:a6aeda09080852f762bdfbde4acbef6d6aa2e729febaee87fd55700e82060cf2",
                "sha256:b82d124316ce8dea1f8ead72bbd92a83e0fb455b82b4a23d04d392972f820347",
                "sha256:c94cdd829fbb76d885c95172128e9261bb2b930a75a721b2972ad465ed532aff"
            ],
            "index": "pypi",
            "version": "==1.10.1"
        },
        "termcolor": {
            "hashes": [
                "sha256:1d6d69ce66211143803fbc56652b41d73b4a400a2891d7bf7a1cdf4c02de613b"
            ],
            "version": "==1.1.0"
        },
        "typing-extensions": {
            "hashes": [
                "sha256:7cb407020f00f7bfc3cb3e7881628838e69d8f3fcab2f64742a5e76b2f841918",
                "sha256:99d4073b617d30288f569d3f13d2bd7548c3a7e4c8de87db09a9d29bb3a4a60c",
                "sha256:dafc7639cde7f1b6e1acc0f457842a83e722ccca8eef5270af2d74792619a89f"
            ],
            "markers": "python_version < '3.8'",
            "version": "==3.7.4.3"
        },
        "urllib3": {
            "hashes": [
                "sha256:19188f96923873c92ccb987120ec4acaa12f0461fa9ce5d3d0772bc965a39e08",
                "sha256:d8ff90d979214d7b4f8ce956e80f4028fc6860e4431f731ea4a8c08f23f99473"
            ],
            "markers": "python_version >= '2.7' and python_version not in '3.0, 3.1, 3.2, 3.3, 3.4' and python_version < '4'",
            "version": "==1.26.2"
        },
        "werkzeug": {
            "hashes": [
                "sha256:2de2a5db0baeae7b2d2664949077c2ac63fbd16d98da0ff71837f7d1dea3fd43",
                "sha256:6c80b1e5ad3665290ea39320b91e1be1e0d5f60652b964a3070216de83d2e47c"
            ],
            "markers": "python_version >= '2.7' and python_version not in '3.0, 3.1, 3.2, 3.3, 3.4'",
            "version": "==1.0.1"
        },
        "wheel": {
            "hashes": [
                "sha256:78b5b185f0e5763c26ca1e324373aadd49182ca90e825f7853f4b2509215dc0e",
                "sha256:e11eefd162658ea59a60a0f6c7d493a7190ea4b9a85e335b33489d9f17e0245e"
            ],
            "markers": "python_version >= '3'",
            "version": "==0.36.2"
        },
        "zipp": {
            "hashes": [
                "sha256:102c24ef8f171fd729d46599845e95c7ab894a4cf45f5de11a44cc7444fb1108",
                "sha256:ed5eee1974372595f9e416cc7bbeeb12335201d8081ca8a0743c954d4446e5cb"
            ],
            "markers": "python_version >= '3.6'",
            "version": "==3.4.0"
        }
    },
    "develop": {}
}
